// !$*UTF8*$!
{
	archiveVersion = 1;
	classes = {
	};
	objectVersion = 90;
	objects = {

/* Begin PBXBuildFile section */
		8B0BBA5F2FE3F7150083DF40 /* ExpensesTrackerApp.swift in Sources */ = {isa = PBXBuildFile; fileRef = 8B0BBA5D2FE3F7150083DF40 /* ExpensesTrackerApp.swift */; };
		8B0BBA602FE3F7150083DF40 /* Localizable.strings in Resources */ = {isa = PBXBuildFile; fileRef = 8B0BBA592FE3F7150083DF40 /* Localizable.strings */; };
		8B0BBA612FE3F7150083DF40 /* Assets.xcassets in Resources */ = {isa = PBXBuildFile; fileRef = 8B0BBA5B2FE3F7150083DF40 /* Assets.xcassets */; };
		8BF3F8452FE3FDFA0078F9D8 /* ExpensesTrackerPackage in Frameworks */ = {isa = PBXBuildFile; productRef = 8BF3F8442FE3FDFA0078F9D8 /* ExpensesTrackerPackage */; };
/* End PBXBuildFile section */

/* Begin PBXFileReference section */
		000000000000000000000120 /* ExpensesTracker.app */ = {isa = PBXFileReference; explicitFileType = wrapper.application; includeInIndex = 0; path = ExpensesTracker.app; sourceTree = BUILT_PRODUCTS_DIR; };
		8B0BBA582FE3F7150083DF40 /* Localizable.strings */ = {isa = PBXFileReference; lastKnownFileType = text.plist.strings; name = Localizable.strings; path = en.lproj/Localizable.strings; sourceTree = "<group>"; };
		8B0BBA5B2FE3F7150083DF40 /* Assets.xcassets */ = {isa = PBXFileReference; lastKnownFileType = folder.assetcatalog; path = Assets.xcassets; sourceTree = "<group>"; };
		8B0BBA5D2FE3F7150083DF40 /* ExpensesTrackerApp.swift */ = {isa = PBXFileReference; lastKnownFileType = sourcecode.swift; path = ExpensesTrackerApp.swift; sourceTree = "<group>"; };
		8BF3F8462FE3FE1B0078F9D8 /* ExpensesTrackerPackage */ = {isa = PBXFileReference; lastKnownFileType = wrapper; path = ExpensesTrackerPackage; sourceTree = "<group>"; };
/* End PBXFileReference section */

/* Begin PBXFrameworksBuildPhase section */
		000000000000000130000000 /* Frameworks */ = {
			isa = PBXFrameworksBuildPhase;
			files = (
				8BF3F8452FE3FDFA0078F9D8 /* ExpensesTrackerPackage in Frameworks */,
			);
		};
/* End PBXFrameworksBuildPhase section */

/* Begin PBXGroup section */
		000000000000000000000001 = {
			isa = PBXGroup;
			children = (
				8B0BBA5E2FE3F7150083DF40 /* App */,
				8BF3F8462FE3FE1B0078F9D8 /* ExpensesTrackerPackage */,
				8BF3F8432FE3FDFA0078F9D8 /* Frameworks */,
				000000000000000000000020 /* Products */,
			);
			sourceTree = "<group>";
		};
		000000000000000000000020 /* Products */ = {
			isa = PBXGroup;
			children = (
				000000000000000000000120 /* ExpensesTracker.app */,
			);
			name = Products;
			sourceTree = "<group>";
		};
		8B0BBA5A2FE3F7150083DF40 /* Localizable */ = {
			isa = PBXGroup;
			children = (
				8B0BBA592FE3F7150083DF40 /* Localizable.strings */,
			);
			path = Localizable;
			sourceTree = "<group>";
		};
		8B0BBA5C2FE3F7150083DF40 /* Assets */ = {
			isa = PBXGroup;
			children = (
				8B0BBA5A2FE3F7150083DF40 /* Localizable */,
				8B0BBA5B2FE3F7150083DF40 /* Assets.xcassets */,
			);
			path = Assets;
			sourceTree = "<group>";
		};
		8B0BBA5E2FE3F7150083DF40 /* App */ = {
			isa = PBXGroup;
			children = (
				8B0BBA5C2FE3F7150083DF40 /* Assets */,
				8B0BBA5D2FE3F7150083DF40 /* ExpensesTrackerApp.swift */,
			);
			path = App;
			sourceTree = "<group>";
		};
		8BF3F8432FE3FDFA0078F9D8 /* Frameworks */ = {
			isa = PBXGroup;
			children = (
			);
			name = Frameworks;
			sourceTree = "<group>";
		};
/* End PBXGroup section */

/* Begin PBXNativeTarget section */
		000000000000000100000000 /* ExpensesTracker */ = {
			isa = PBXNativeTarget;
			buildConfigurationList = 000000000000000110000000 /* Build configuration list for PBXNativeTarget "ExpensesTracker" */;
			buildPhases = (
				000000000000000120000000 /* Sources */,
				000000000000000130000000 /* Frameworks */,
				000000000000000140000000 /* Resources */,
			);
			buildRules = (
			);
			name = ExpensesTracker;
			packageProductDependencies = (
				8BF3F8442FE3FDFA0078F9D8 /* ExpensesTrackerPackage */,
			);
			productName = MyApp;
			productReference = 000000000000000000000120 /* ExpensesTracker.app */;
			productType = "com.apple.product-type.application";
		};
/* End PBXNativeTarget section */

/* Begin PBXProject section */
		000000000000000000000000 /* Project object */ = {
			isa = PBXProject;
			attributes = {
				BuildIndependentTargetsInParallel = 1;
				LastSwiftUpdateCheck = 2630;
				LastUpgradeCheck = 2700;
				TargetAttributes = {
					000000000000000100000000 = {
						CreatedOnToolsVersion = 26.3;
					};
				};
			};
			buildConfigurationList = 000000000000000010000000 /* Build configuration list for PBXProject "ExpensesTracker" */;
			developmentRegion = en;
			hasScannedForEncodings = 0;
			knownRegions = (
				en,
				Base,
			);
			mainGroup = 000000000000000000000001;
			minimizedProjectReferenceProxies = 1;
			preferredProjectObjectVersion = 90;
			productRefGroup = 000000000000000000000020 /* Products */;
			projectDirPath = "";
			projectRoot = "";
			targets = (
				000000000000000100000000 /* ExpensesTracker */,
			);
		};
/* End PBXProject section */

/* Begin PBXResourcesBuildPhase section */
		000000000000000140000000 /* Resources */ = {
			isa = PBXResourcesBuildPhase;
			files = (
				8B0BBA602FE3F7150083DF40 /* Localizable.strings in Resources */,
				8B0BBA612FE3F7150083DF40 /* Assets.xcassets in Resources */,
			);
		};
/* End PBXResourcesBuildPhase section */

/* Begin PBXSourcesBuildPhase section */
		000000000000000120000000 /* Sources */ = {
			isa = PBXSourcesBuildPhase;
			files = (
				8B0BBA5F2FE3F7150083DF40 /* ExpensesTrackerApp.swift in Sources */,
			);
		};
/* End PBXSourcesBuildPhase section */

/* Begin PBXVariantGroup section */
		8B0BBA592FE3F7150083DF40 /* Localizable.strings */ = {
			isa = PBXVariantGroup;
			children = (
				8B0BBA582FE3F7150083DF40 /* Localizable.strings */,
			);
			name = Localizable.strings;
			sourceTree = "<group>";
		};
/* End PBXVariantGroup section */

/* Begin XCBuildConfiguration section */
		000000000000000011000000 /* Debug configuration for PBXProject "ExpensesTracker" */ = {
			isa = XCBuildConfiguration;
			buildSettings = {
				ALWAYS_SEARCH_USER_PATHS = NO;
				APPLETVOS_DEPLOYMENT_TARGET = 27.0;
				ASSETCATALOG_COMPILER_GENERATE_SWIFT_ASSET_SYMBOL_EXTENSIONS = YES;
				CLANG_ANALYZER_NONNULL = YES;
				CLANG_ANALYZER_NUMBER_OBJECT_CONVERSION = YES_AGGRESSIVE;
				CLANG_CXX_LANGUAGE_STANDARD = "gnu++20";
				CLANG_ENABLE_MODULES = YES;
				CLANG_ENABLE_OBJC_ARC = YES;
				CLANG_ENABLE_OBJC_WEAK = YES;
				CLANG_WARN_BLOCK_CAPTURE_AUTORELEASING = YES;
				CLANG_WARN_BOOL_CONVERSION = YES;
				CLANG_WARN_COMMA = YES;
				CLANG_WARN_CONSTANT_CONVERSION = YES;
				CLANG_WARN_DEPRECATED_OBJC_IMPLEMENTATIONS = YES;
				CLANG_WARN_DIRECT_OBJC_ISA_USAGE = YES_ERROR;
				CLANG_WARN_DOCUMENTATION_COMMENTS = YES;
				CLANG_WARN_EMPTY_BODY = YES;
				CLANG_WARN_ENUM_CONVERSION = YES;
				CLANG_WARN_INFINITE_RECURSION = YES;
				CLANG_WARN_INT_CONVERSION = YES;
				CLANG_WARN_NON_LITERAL_NULL_CONVERSION = YES;
				CLANG_WARN_OBJC_IMPLICIT_RETAIN_SELF = YES;
				CLANG_WARN_OBJC_LITERAL_CONVERSION = YES;
				CLANG_WARN_OBJC_ROOT_CLASS = YES_ERROR;
				CLANG_WARN_QUOTED_INCLUDE_IN_FRAMEWORK_HEADER = YES;
				CLANG_WARN_RANGE_LOOP_ANALYSIS = YES;
				CLANG_WARN_STRICT_PROTOTYPES = YES;
				CLANG_WARN_SUSPICIOUS_MOVE = YES;
				CLANG_WARN_UNGUARDED_AVAILABILITY = YES_AGGRESSIVE;
				CLANG_WARN_UNREACHABLE_CODE = YES;
				CLANG_WARN__DUPLICATE_METHOD_MATCH = YES;
				COPY_PHASE_STRIP = NO;
				DEAD_CODE_STRIPPING = YES;
				DEBUG_INFORMATION_FORMAT = dwarf;
				DRIVERKIT_DEPLOYMENT_TARGET = 27.0;
				ENABLE_STRICT_OBJC_MSGSEND = YES;
				ENABLE_TESTABILITY = YES;
				ENABLE_USER_SCRIPT_SANDBOXING = YES;
				GCC_C_LANGUAGE_STANDARD = gnu17;
				GCC_DYNAMIC_NO_PIC = NO;
				GCC_NO_COMMON_BLOCKS = YES;
				GCC_OPTIMIZATION_LEVEL = 0;
				GCC_PREPROCESSOR_DEFINITIONS = (
					"DEBUG=1",
					"$(inherited)",
				);
				GCC_WARN_64_TO_32_BIT_CONVERSION = YES;
				GCC_WARN_ABOUT_RETURN_TYPE = YES_ERROR;
				GCC_WARN_UNDECLARED_SELECTOR = YES;
				GCC_WARN_UNINITIALIZED_AUTOS = YES_AGGRESSIVE;
				GCC_WARN_UNUSED_FUNCTION = YES;
				GCC_WARN_UNUSED_VARIABLE = YES;
				IPHONEOS_DEPLOYMENT_TARGET = 18.6;
				LOCALIZATION_PREFERS_STRING_CATALOGS = YES;
				MACOSX_DEPLOYMENT_TARGET = 26.6;
				MTL_ENABLE_DEBUG_INFO = INCLUDE_SOURCE;
				MTL_FAST_MATH = YES;
				ONLY_ACTIVE_ARCH = YES;
				PROJECT_UNIQUE_VALUE = R5R8IQPD;
				STRING_CATALOG_GENERATE_SYMBOLS = YES;
				SWIFT_ACTIVE_COMPILATION_CONDITIONS = "DEBUG $(inherited)";
				SWIFT_OPTIMIZATION_LEVEL = "-Onone";
			};
			name = Debug;
		};
		000000000000000012000000 /* Release configuration for PBXProject "ExpensesTracker" */ = {
			isa = XCBuildConfiguration;
			buildSettings = {
				ALWAYS_SEARCH_USER_PATHS = NO;
				APPLETVOS_DEPLOYMENT_TARGET = 27.0;
				ASSETCATALOG_COMPILER_GENERATE_SWIFT_ASSET_SYMBOL_EXTENSIONS = YES;
				CLANG_ANALYZER_NONNULL = YES;
				CLANG_ANALYZER_NUMBER_OBJECT_CONVERSION = YES_AGGRESSIVE;
				CLANG_CXX_LANGUAGE_STANDARD = "gnu++20";
				CLANG_ENABLE_MODULES = YES;
				CLANG_ENABLE_OBJC_ARC = YES;
				CLANG_ENABLE_OBJC_WEAK = YES;
				CLANG_WARN_BLOCK_CAPTURE_AUTORELEASING = YES;
				CLANG_WARN_BOOL_CONVERSION = YES;
				CLANG_WARN_COMMA = YES;
				CLANG_WARN_CONSTANT_CONVERSION = YES;
				CLANG_WARN_DEPRECATED_OBJC_IMPLEMENTATIONS = YES;
				CLANG_WARN_DIRECT_OBJC_ISA_USAGE = YES_ERROR;
				CLANG_WARN_DOCUMENTATION_COMMENTS = YES;
				CLANG_WARN_EMPTY_BODY = YES;
				CLANG_WARN_ENUM_CONVERSION = YES;
				CLANG_WARN_INFINITE_RECURSION = YES;
				CLANG_WARN_INT_CONVERSION = YES;
				CLANG_WARN_NON_LITERAL_NULL_CONVERSION = YES;
				CLANG_WARN_OBJC_IMPLICIT_RETAIN_SELF = YES;
				CLANG_WARN_OBJC_LITERAL_CONVERSION = YES;
				CLANG_WARN_OBJC_ROOT_CLASS = YES_ERROR;
				CLANG_WARN_QUOTED_INCLUDE_IN_FRAMEWORK_HEADER = YES;
				CLANG_WARN_RANGE_LOOP_ANALYSIS = YES;
				CLANG_WARN_STRICT_PROTOTYPES = YES;
				CLANG_WARN_SUSPICIOUS_MOVE = YES;
				CLANG_WARN_UNGUARDED_AVAILABILITY = YES_AGGRESSIVE;
				CLANG_WARN_UNREACHABLE_CODE = YES;
				CLANG_WARN__DUPLICATE_METHOD_MATCH = YES;
				COPY_PHASE_STRIP = NO;
				DEAD_CODE_STRIPPING = YES;
				DEBUG_INFORMATION_FORMAT = "dwarf-with-dsym";
				DRIVERKIT_DEPLOYMENT_TARGET = 27.0;
				ENABLE_NS_ASSERTIONS = NO;
				ENABLE_STRICT_OBJC_MSGSEND = YES;
				ENABLE_USER_SCRIPT_SANDBOXING = YES;
				GCC_C_LANGUAGE_STANDARD = gnu17;
				GCC_NO_COMMON_BLOCKS = YES;
				GCC_WARN_64_TO_32_BIT_CONVERSION = YES;
				GCC_WARN_ABOUT_RETURN_TYPE = YES_ERROR;
				GCC_WARN_UNDECLARED_SELECTOR = YES;
				GCC_WARN_UNINITIALIZED_AUTOS = YES_AGGRESSIVE;
				GCC_WARN_UNUSED_FUNCTION = YES;
				GCC_WARN_UNUSED_VARIABLE = YES;
				IPHONEOS_DEPLOYMENT_TARGET = 18.6;
				LOCALIZATION_PREFERS_STRING_CATALOGS = YES;
				MACOSX_DEPLOYMENT_TARGET = 26.6;
				MTL_ENABLE_DEBUG_INFO = NO;
				MTL_FAST_MATH = YES;
				PROJECT_UNIQUE_VALUE = R5R8IQPD;
				STRING_CATALOG_GENERATE_SYMBOLS = YES;
				SWIFT_COMPILATION_MODE = wholemodule;
			};
			name = Release;
		};
		000000000000000111000000 /* Debug configuration for PBXNativeTarget "ExpensesTracker" */ = {
			isa = XCBuildConfiguration;
			buildSettings = {
				CODE_SIGN_STYLE = Automatic;
				CURRENT_PROJECT_VERSION = 1;
				DEVELOPMENT_TEAM = 2633WLSDWK;
				ENABLE_APP_SANDBOX = YES;
				ENABLE_PREVIEWS = YES;
				ENABLE_USER_SELECTED_FILES = readonly;
				GENERATE_INFOPLIST_FILE = YES;
				"INFOPLIST_KEY_UIApplicationSceneManifest_Generation[sdk=iphoneos*]" = YES;
				"INFOPLIST_KEY_UIApplicationSceneManifest_Generation[sdk=iphonesimulator*]" = YES;
				"INFOPLIST_KEY_UIApplicationSupportsIndirectInputEvents[sdk=iphoneos*]" = YES;
				"INFOPLIST_KEY_UIApplicationSupportsIndirectInputEvents[sdk=iphonesimulator*]" = YES;
				"INFOPLIST_KEY_UILaunchScreen_Generation[sdk=iphoneos*]" = YES;
				"INFOPLIST_KEY_UILaunchScreen_Generation[sdk=iphonesimulator*]" = YES;
				"INFOPLIST_KEY_UIStatusBarStyle[sdk=iphoneos*]" = UIStatusBarStyleDefault;
				"INFOPLIST_KEY_UIStatusBarStyle[sdk=iphonesimulator*]" = UIStatusBarStyleDefault;
				INFOPLIST_KEY_UISupportedInterfaceOrientations = UIInterfaceOrientationPortrait;
				IPHONEOS_DEPLOYMENT_TARGET = 18.6;
				LD_RUNPATH_SEARCH_PATHS = "@executable_path/Frameworks";
				"LD_RUNPATH_SEARCH_PATHS[sdk=macosx*]" = "@executable_path/../Frameworks";
				MARKETING_VERSION = 1.0;
				PRODUCT_BUNDLE_IDENTIFIER = com.unusynth.expensestracker;
				PRODUCT_NAME = "$(TARGET_NAME)";
				REGISTER_APP_GROUPS = YES;
				SDKROOT = auto;
				STRING_CATALOG_GENERATE_SYMBOLS = YES;
				SUPPORTED_PLATFORMS = "iphoneos iphonesimulator";
				SUPPORTS_MACCATALYST = NO;
				SWIFT_APPROACHABLE_CONCURRENCY = YES;
				SWIFT_DEFAULT_ACTOR_ISOLATION = MainActor;
				SWIFT_EMIT_LOC_STRINGS = YES;
				SWIFT_UPCOMING_FEATURE_MEMBER_IMPORT_VISIBILITY = YES;
				SWIFT_VERSION = 5.0;
				TARGETED_DEVICE_FAMILY = "1,2";
			};
			name = Debug;
		};
		000000000000000112000000 /* Release configuration for PBXNativeTarget "ExpensesTracker" */ = {
			isa = XCBuildConfiguration;
			buildSettings = {
				CODE_SIGN_STYLE = Automatic;
				CURRENT_PROJECT_VERSION = 1;
				DEVELOPMENT_TEAM = 2633WLSDWK;
				ENABLE_APP_SANDBOX = YES;
				ENABLE_PREVIEWS = YES;
				ENABLE_USER_SELECTED_FILES = readonly;
				GENERATE_INFOPLIST_FILE = YES;
				"INFOPLIST_KEY_UIApplicationSceneManifest_Generation[sdk=iphoneos*]" = YES;
				"INFOPLIST_KEY_UIApplicationSceneManifest_Generation[sdk=iphonesimulator*]" = YES;
				"INFOPLIST_KEY_UIApplicationSupportsIndirectInputEvents[sdk=iphoneos*]" = YES;
				"INFOPLIST_KEY_UIApplicationSupportsIndirectInputEvents[sdk=iphonesimulator*]" = YES;
				"INFOPLIST_KEY_UILaunchScreen_Generation[sdk=iphoneos*]" = YES;
				"INFOPLIST_KEY_UILaunchScreen_Generation[sdk=iphonesimulator*]" = YES;
				"INFOPLIST_KEY_UIStatusBarStyle[sdk=iphoneos*]" = UIStatusBarStyleDefault;
				"INFOPLIST_KEY_UIStatusBarStyle[sdk=iphonesimulator*]" = UIStatusBarStyleDefault;
				INFOPLIST_KEY_UISupportedInterfaceOrientations = UIInterfaceOrientationPortrait;
				IPHONEOS_DEPLOYMENT_TARGET = 18.6;
				LD_RUNPATH_SEARCH_PATHS = "@executable_path/Frameworks";
				"LD_RUNPATH_SEARCH_PATHS[sdk=macosx*]" = "@executable_path/../Frameworks";
				MARKETING_VERSION = 1.0;
				PRODUCT_BUNDLE_IDENTIFIER = com.unusynth.expensestracker;
				PRODUCT_NAME = "$(TARGET_NAME)";
				REGISTER_APP_GROUPS = YES;
				SDKROOT = auto;
				STRING_CATALOG_GENERATE_SYMBOLS = YES;
				SUPPORTED_PLATFORMS = "iphoneos iphonesimulator";
				SUPPORTS_MACCATALYST = NO;
				SWIFT_APPROACHABLE_CONCURRENCY = YES;
				SWIFT_DEFAULT_ACTOR_ISOLATION = MainActor;
				SWIFT_EMIT_LOC_STRINGS = YES;
				SWIFT_UPCOMING_FEATURE_MEMBER_IMPORT_VISIBILITY = YES;
				SWIFT_VERSION = 5.0;
				TARGETED_DEVICE_FAMILY = "1,2";
			};
			name = Release;
		};
/* End XCBuildConfiguration section */

/* Begin XCConfigurationList section */
		000000000000000010000000 /* Build configuration list for PBXProject "ExpensesTracker" */ = {
			isa = XCConfigurationList;
			buildConfigurations = (
				000000000000000011000000 /* Debug configuration for PBXProject "ExpensesTracker" */,
				000000000000000012000000 /* Release configuration for PBXProject "ExpensesTracker" */,
			);
			defaultConfigurationName = Release;
		};
		000000000000000110000000 /* Build configuration list for PBXNativeTarget "ExpensesTracker" */ = {
			isa = XCConfigurationList;
			buildConfigurations = (
				000000000000000111000000 /* Debug configuration for PBXNativeTarget "ExpensesTracker" */,
				000000000000000112000000 /* Release configuration for PBXNativeTarget "ExpensesTracker" */,
			);
			defaultConfigurationName = Release;
		};
/* End XCConfigurationList section */

/* Begin XCSwiftPackageProductDependency section */
		8BF3F8442FE3FDFA0078F9D8 /* ExpensesTrackerPackage */ = {
			isa = XCSwiftPackageProductDependency;
			productName = ExpensesTrackerPackage;
		};
/* End XCSwiftPackageProductDependency section */
	};
	rootObject = 000000000000000000000000 /* Project object */;
}
